
Microsoft Visual Studio Solution File, Format Version 12.00
# Visual Studio Version 17
VisualStudioVersion = 17.3.32922.545
MinimumVisualStudioVersion = 10.0.40219.1
Project("{FAE04EC0-301F-11D3-BF4B-00C04F79EFBC}") = "choco", "choco\choco.csproj", "{F009C413-7CFC-48D7-B823-76A63DBD5C7E}"
EndProject
Global
	GlobalSection(SolutionConfigurationPlatforms) = preSolution
		Debug|Any CPU = Debug|Any CPU
		Release|Any CPU = Release|Any CPU
	EndGlobalSection
	GlobalSection(ProjectConfigurationPlatforms) = postSolution
		{F009C413-7CFC-48D7-B823-76A63DBD5C7E}.Debug|Any CPU.ActiveCfg = Debug|Any CPU
		{F009C413-7CFC-48D7-B823-76A63DBD5C7E}.Debug|Any CPU.Build.0 = Debug|Any CPU
		{F009C413-7CFC-48D7-B823-76A63DBD5C7E}.Release|Any CPU.ActiveCfg = Release|Any CPU
		{F009C413-7CFC-48D7-B823-76A63DBD5C7E}.Release|Any CPU.Build.0 = Release|Any CPU
	EndGlobalSection
	GlobalSection(SolutionProperties) = preSolution
		HideSolutionNode = FALSE
	EndGlobalSection
	GlobalSection(ExtensibilityGlobals) = postSolution
		SolutionGuid = {B0C8B365-895C-40F3-820A-313B054C3129}
	EndGlobalSection
EndGlobal
